# This file was autogenerated by Stack.
# You should not edit this file by hand.
# For more information, please see the documentation at:
#   https://docs.haskellstack.org/en/stable/lock_files

packages:
- completed:
    size: 17007
    url: https://github.com/PLSysSec/frankie/archive/571f8e13d9167ff8f98eb52dcbe6416001dec913.tar.gz
    cabal-file:
      size: 2682
      sha256: 5a786ed6cb7b5109987a6d2ea0eacae9eb8f470ec90d90cbb651b28ea82ec5d5
    name: frankie
    version: 0.0.0.1
    sha256: f302f4c1d78ecb05b170234122e436eddec19104d0dd18ea43f0173dd12fc495
    pantry-tree:
      size: 848
      sha256: 70f8193820c24d874c920966c2c63696ed921c0a08d2e5b36efe2c3102a4d785
  original:
    url: https://github.com/PLSysSec/frankie/archive/571f8e13d9167ff8f98eb52dcbe6416001dec913.tar.gz
snapshots:
- completed:
    size: 524786
    url: https://raw.githubusercontent.com/commercialhaskell/stackage-snapshots/master/lts/14/11.yaml
    sha256: 088bb91b545839510a41ae92fa5feb36779ef3529571a42bd12b9f51eb89ded3
  original: lts-14.11
