# This file was autogenerated by Stack.
# You should not edit this file by hand.
# For more information, please see the documentation at:
#   https://docs.haskellstack.org/en/stable/lock_files

packages:
- completed:
    size: 513335
    subdir: lio-http-server
    url: https://github.com/rosekunkel/lio/archive/c6be0171770db90811401c227cb5fb1a1f701cfa.tar.gz
    cabal-file:
      size: 2123
      sha256: e1ed4fbf6f02cd86145e05ff88f496b018136588dec33e761fb4acb9b4a57c4e
    name: lio-http-server
    version: 0.0.0.1
    sha256: 30c6a4db407c0ad1c827ce2a5f027817c7d43285d87c04421e7b6e8a2e60fa3a
    pantry-tree:
      size: 750
      sha256: 52c81cbe2fe3dca94649e86309955f44c9c662877e2c3d55108f06927e43e4fc
  original:
    subdir: lio-http-server
    url: https://github.com/rosekunkel/lio/archive/c6be0171770db90811401c227cb5fb1a1f701cfa.tar.gz
snapshots:
- completed:
    size: 524786
    url: https://raw.githubusercontent.com/commercialhaskell/stackage-snapshots/master/lts/14/11.yaml
    sha256: 088bb91b545839510a41ae92fa5feb36779ef3529571a42bd12b9f51eb89ded3
  original: lts-14.11
