# This file was autogenerated by Stack.
# You should not edit this file by hand.
# For more information, please see the documentation at:
#   https://docs.haskellstack.org/en/stable/lock_files

packages:
- completed:
    size: 16780
    url: https://github.com/rosekunkel/frankie/archive/377b64cfae4525546018673f0a4c95b6b44b0326.tar.gz
    cabal-file:
      size: 2123
      sha256: e1ed4fbf6f02cd86145e05ff88f496b018136588dec33e761fb4acb9b4a57c4e
    name: lio-http-server
    version: 0.0.0.1
    sha256: 5bc9d33f5702766d15aa692c0a0987710b34e78249c2a1fc78ca70d2970d5e54
    pantry-tree:
      size: 750
      sha256: 0b9068bc571f31222c428beae5aa33112d34b6559bd4b4076688723eae0e02ca
  original:
    url: https://github.com/rosekunkel/frankie/archive/377b64cfae4525546018673f0a4c95b6b44b0326.tar.gz
snapshots:
- completed:
    size: 524786
    url: https://raw.githubusercontent.com/commercialhaskell/stackage-snapshots/master/lts/14/11.yaml
    sha256: 088bb91b545839510a41ae92fa5feb36779ef3529571a42bd12b9f51eb89ded3
  original: lts-14.11
